
Microsoft Visual Studio Solution File, Format Version 12.00
# Visual Studio Version 16
VisualStudioVersion = 16.0.31129.286
MinimumVisualStudioVersion = 10.0.40219.1
Project("{FAE04EC0-301F-11D3-BF4B-00C04F79EFBC}") = "ConsoleApp9", "ConsoleApp9\ConsoleApp9.csproj", "{FCCCEF44-2B1A-446A-B52B-23B01196B477}"
EndProject
Global
	GlobalSection(SolutionConfigurationPlatforms) = preSolution
		Debug|Any CPU = Debug|Any CPU
		Release|Any CPU = Release|Any CPU
	EndGlobalSection
	GlobalSection(ProjectConfigurationPlatforms) = postSolution
		{FCCCEF44-2B1A-446A-B52B-23B01196B477}.Debug|Any CPU.ActiveCfg = Debug|Any CPU
		{FCCCEF44-2B1A-446A-B52B-23B01196B477}.Debug|Any CPU.Build.0 = Debug|Any CPU
		{FCCCEF44-2B1A-446A-B52B-23B01196B477}.Release|Any CPU.ActiveCfg = Release|Any CPU
		{FCCCEF44-2B1A-446A-B52B-23B01196B477}.Release|Any CPU.Build.0 = Release|Any CPU
	EndGlobalSection
	GlobalSection(SolutionProperties) = preSolution
		HideSolutionNode = FALSE
	EndGlobalSection
	GlobalSection(ExtensibilityGlobals) = postSolution
		SolutionGuid = {E9EEAFCC-646E-4F0E-9D45-A0F5FDD30558}
	EndGlobalSection
EndGlobal
